{
  "name": "@jonoj/capacitor-fused-location",
  "version": "1.1.1-a",
  "lockfileVersion": 1,
  "requires": true,
  "dependencies": {
    "@capacitor/android": {
      "version": "1.2.0",
      "resolved": "https://registry.npmjs.org/@capacitor/android/-/android-1.2.0.tgz",
      "integrity": "sha512-z72KMq8FrvUvy4t9Sx0y08OBwxE+0O5b925x31k9AooGjxJltLT6E1HrT4AS0ti6ofK0X6EdfZSVRTefBpdbaw==",
      "dev": true
    },
    "@capacitor/core": {
      "version": "1.2.0",
      "resolved": "https://registry.npmjs.org/@capacitor/core/-/core-1.2.0.tgz",
      "integrity": "sha512-K6viZ4XjhK6wNnfIGcyfod6nOd2OqIamWkFp6La6Ob5IrWG7Zxa3q1V98X081GvTxMmSeHFwz3ophaGN2IbzCA==",
      "requires": {
        "tslib": "^1.9.0"
      }
    },
    "tslib": {
      "version": "1.10.0",
      "resolved": "https://registry.npmjs.org/tslib/-/tslib-1.10.0.tgz",
      "integrity": "sha512-qOebF53frne81cf0S9B41ByenJ3/IuH8yJKngAX35CmiZySA0khhkovshKK+jGCaMnVomla7gVlIcc3EvKPbTQ=="
    },
    "typescript": {
      "version": "3.5.3",
      "resolved": "https://registry.npmjs.org/typescript/-/typescript-3.5.3.tgz",
      "integrity": "sha512-ACzBtm/PhXBDId6a6sDJfroT2pOWt/oOnk4/dElG5G33ZL776N3Y6/6bKZJBFpd+b05F3Ct9qDjMeJmRWtE2/g==",
      "dev": true
    }
  }
}
